
Microsoft Visual Studio Solution File, Format Version 11.00
# Visual C++ Express 2010
Project("{8BC9CEB8-8B4A-11D0-8D11-00A0C91BC942}") = "Hello_World_vs2010", "Hello_World_vs2010\Hello_World_vs2010.vcxproj", "{B601BBA4-F947-4DE0-8F9D-DCFA53C55B8C}"
EndProject
Global
	GlobalSection(SolutionConfigurationPlatforms) = preSolution
		Debug|Win32 = Debug|Win32
		Release|Win32 = Release|Win32
	EndGlobalSection
	GlobalSection(ProjectConfigurationPlatforms) = postSolution
		{B601BBA4-F947-4DE0-8F9D-DCFA53C55B8C}.Debug|Win32.ActiveCfg = Debug|Win32
		{B601BBA4-F947-4DE0-8F9D-DCFA53C55B8C}.Debug|Win32.Build.0 = Debug|Win32
		{B601BBA4-F947-4DE0-8F9D-DCFA53C55B8C}.Release|Win32.ActiveCfg = Release|Win32
		{B601BBA4-F947-4DE0-8F9D-DCFA53C55B8C}.Release|Win32.Build.0 = Release|Win32
	EndGlobalSection
	GlobalSection(SolutionProperties) = preSolution
		HideSolutionNode = FALSE
	EndGlobalSection
EndGlobal
